
Microsoft Visual Studio Solution File, Format Version 12.00
# Visual Studio Version 17
VisualStudioVersion = 17.0.32014.148
MinimumVisualStudioVersion = 10.0.40219.1
Project("{FAE04EC0-301F-11D3-BF4B-00C04F79EFBC}") = "MindboxTask", "MindboxTask\MindboxTask.csproj", "{FB512297-1ACD-4F33-9E83-AF3C64EF6026}"
EndProject
Project("{FAE04EC0-301F-11D3-BF4B-00C04F79EFBC}") = "MinboxUnitTest", "MinboxUnitTest\MinboxUnitTest.csproj", "{DA951C45-A37A-487D-A185-EB5C036BFE21}"
EndProject
Project("{2150E333-8FDC-42A3-9474-1A3956D46DE8}") = "MindboxSQLTask", "MindboxSQLTask", "{9318232F-572B-4C19-A8D4-2F1D2D3396A5}"
	ProjectSection(SolutionItems) = preProject
		MindboxMSSQL.txt = MindboxMSSQL.txt
	EndProjectSection
EndProject
Global
	GlobalSection(SolutionConfigurationPlatforms) = preSolution
		Debug|Any CPU = Debug|Any CPU
		Release|Any CPU = Release|Any CPU
	EndGlobalSection
	GlobalSection(ProjectConfigurationPlatforms) = postSolution
		{FB512297-1ACD-4F33-9E83-AF3C64EF6026}.Debug|Any CPU.ActiveCfg = Debug|Any CPU
		{FB512297-1ACD-4F33-9E83-AF3C64EF6026}.Debug|Any CPU.Build.0 = Debug|Any CPU
		{FB512297-1ACD-4F33-9E83-AF3C64EF6026}.Release|Any CPU.ActiveCfg = Release|Any CPU
		{FB512297-1ACD-4F33-9E83-AF3C64EF6026}.Release|Any CPU.Build.0 = Release|Any CPU
		{DA951C45-A37A-487D-A185-EB5C036BFE21}.Debug|Any CPU.ActiveCfg = Debug|Any CPU
		{DA951C45-A37A-487D-A185-EB5C036BFE21}.Debug|Any CPU.Build.0 = Debug|Any CPU
		{DA951C45-A37A-487D-A185-EB5C036BFE21}.Release|Any CPU.ActiveCfg = Release|Any CPU
		{DA951C45-A37A-487D-A185-EB5C036BFE21}.Release|Any CPU.Build.0 = Release|Any CPU
	EndGlobalSection
	GlobalSection(SolutionProperties) = preSolution
		HideSolutionNode = FALSE
	EndGlobalSection
	GlobalSection(ExtensibilityGlobals) = postSolution
		SolutionGuid = {502DA9A7-67BF-429E-9CC9-1BF31452648E}
	EndGlobalSection
EndGlobal
